
Microsoft Visual Studio Solution File, Format Version 12.00
# Visual Studio Version 16
VisualStudioVersion = 16.0.30011.22
MinimumVisualStudioVersion = 10.0.40219.1
Project("{FAE04EC0-301F-11D3-BF4B-00C04F79EFBC}") = "dockerexample", "dockerexample.csproj", "{0100A5FE-87E2-4F26-9DBA-E8AA5986BBB6}"
EndProject
Global
	GlobalSection(SolutionConfigurationPlatforms) = preSolution
		Debug|Any CPU = Debug|Any CPU
		Release|Any CPU = Release|Any CPU
	EndGlobalSection
	GlobalSection(ProjectConfigurationPlatforms) = postSolution
		{0100A5FE-87E2-4F26-9DBA-E8AA5986BBB6}.Debug|Any CPU.ActiveCfg = Debug|Any CPU
		{0100A5FE-87E2-4F26-9DBA-E8AA5986BBB6}.Debug|Any CPU.Build.0 = Debug|Any CPU
		{0100A5FE-87E2-4F26-9DBA-E8AA5986BBB6}.Release|Any CPU.ActiveCfg = Release|Any CPU
		{0100A5FE-87E2-4F26-9DBA-E8AA5986BBB6}.Release|Any CPU.Build.0 = Release|Any CPU
	EndGlobalSection
	GlobalSection(SolutionProperties) = preSolution
		HideSolutionNode = FALSE
	EndGlobalSection
	GlobalSection(ExtensibilityGlobals) = postSolution
		SolutionGuid = {54F3AEB9-5B2D-4A03-AA92-B2BD858A6B04}
	EndGlobalSection
EndGlobal
